
Microsoft Visual Studio Solution File, Format Version 12.00
# Visual Studio Version 16
VisualStudioVersion = 16.0.30711.63
MinimumVisualStudioVersion = 10.0.40219.1
Project("{FAE04EC0-301F-11D3-BF4B-00C04F79EFBC}") = "Usuarios", "Usuarios\Usuarios.csproj", "{C022A7A0-E812-4A5C-BAE0-72C458F2292A}"
EndProject
Global
	GlobalSection(SolutionConfigurationPlatforms) = preSolution
		Debug|Any CPU = Debug|Any CPU
		Release|Any CPU = Release|Any CPU
	EndGlobalSection
	GlobalSection(ProjectConfigurationPlatforms) = postSolution
		{C022A7A0-E812-4A5C-BAE0-72C458F2292A}.Debug|Any CPU.ActiveCfg = Debug|Any CPU
		{C022A7A0-E812-4A5C-BAE0-72C458F2292A}.Debug|Any CPU.Build.0 = Debug|Any CPU
		{C022A7A0-E812-4A5C-BAE0-72C458F2292A}.Release|Any CPU.ActiveCfg = Release|Any CPU
		{C022A7A0-E812-4A5C-BAE0-72C458F2292A}.Release|Any CPU.Build.0 = Release|Any CPU
	EndGlobalSection
	GlobalSection(SolutionProperties) = preSolution
		HideSolutionNode = FALSE
	EndGlobalSection
	GlobalSection(ExtensibilityGlobals) = postSolution
		SolutionGuid = {B5386897-78B3-42BC-922C-A9F1CDA4489B}
	EndGlobalSection
EndGlobal
